
Microsoft Visual Studio Solution File, Format Version 12.00
# Visual Studio 2013
VisualStudioVersion = 12.0.30110.0
MinimumVisualStudioVersion = 10.0.40219.1
Project("{FAE04EC0-301F-11D3-BF4B-00C04F79EFBC}") = "XpandBlog.Module", "XpandBlog.Module\XpandBlog.Module.csproj", "{5F15837D-D1E5-44DC-92F0-4F2EBE9C3F8D}"
EndProject
Project("{FAE04EC0-301F-11D3-BF4B-00C04F79EFBC}") = "XpandBlog.Module.Win", "XpandBlog.Module.Win\XpandBlog.Module.Win.csproj", "{7964F87D-BC5D-4C4E-8B2F-71E89739AA97}"
EndProject
Project("{FAE04EC0-301F-11D3-BF4B-00C04F79EFBC}") = "XpandBlog.Win", "XpandBlog.Win\XpandBlog.Win.csproj", "{D05D93DF-312D-4D4E-B980-726871EC7833}"
EndProject
Project("{2150E333-8FDC-42A3-9474-1A3956D46DE8}") = "XAF", "XAF", "{4414F1A9-17A5-420F-B16A-8A0D66ABC25D}"
EndProject
Project("{2150E333-8FDC-42A3-9474-1A3956D46DE8}") = "Model", "Model", "{2DD2C906-B6FD-48EE-831B-459FA2122759}"
EndProject
Project("{2150E333-8FDC-42A3-9474-1A3956D46DE8}") = "Web", "Web", "{CE6F9532-5969-48A1-B71C-492A2C0CFA4C}"
EndProject
Project("{FAE04EC0-301F-11D3-BF4B-00C04F79EFBC}") = "XpandBlog.Model", "XpandBlog.Model\XpandBlog.Model.csproj", "{33B8A48E-123E-4F59-BD45-0E91D9F83A33}"
EndProject
Project("{FAE04EC0-301F-11D3-BF4B-00C04F79EFBC}") = "XpandBlog.Web", "XpandBlog.Web\XpandBlog.Web.csproj", "{43FE2D9E-D796-4245-B11A-22608850CE2F}"
EndProject
Project("{FAE04EC0-301F-11D3-BF4B-00C04F79EFBC}") = "XpandBlog.AspNet.Identity.Xpo", "XpandBlog.AspNet.Identity.Xpo\XpandBlog.AspNet.Identity.Xpo.csproj", "{F6D284BC-18EE-491E-B964-F57A7D9DE0F3}"
EndProject
Project("{FAE04EC0-301F-11D3-BF4B-00C04F79EFBC}") = "XpandBlog.DTO", "XpandBlog.DTO\XpandBlog.DTO.csproj", "{0DFFF7A1-9F2D-4A5C-98BD-7C8B20E56AA0}"
EndProject
Project("{FAE04EC0-301F-11D3-BF4B-00C04F79EFBC}") = "XpandBlog.Contracts", "XpandBlog.Contracts\XpandBlog.Contracts.csproj", "{22122561-AE5F-4998-8186-64A7F960C26E}"
EndProject
Project("{2150E333-8FDC-42A3-9474-1A3956D46DE8}") = "Domain", "Domain", "{2AC165D3-E02D-4C6B-A924-167841917BBB}"
EndProject
Project("{FAE04EC0-301F-11D3-BF4B-00C04F79EFBC}") = "XpandBlog.Domain", "XpandBlog.Domain\XpandBlog.Domain.csproj", "{C4F469FB-40F1-4B43-81EF-9E2E39E0107C}"
EndProject
Project("{2150E333-8FDC-42A3-9474-1A3956D46DE8}") = "Common", "Common", "{9DDF40B0-BC58-4F16-82FE-D1F52857829F}"
EndProject
Project("{FAE04EC0-301F-11D3-BF4B-00C04F79EFBC}") = "XpandBlog.ExpressApp.Xpo", "XpandBlog.ExpressApp.Xpo\XpandBlog.ExpressApp.Xpo.csproj", "{86CF33F0-2AA6-4131-B7C1-D34DBCBE5B41}"
EndProject
Project("{FAE04EC0-301F-11D3-BF4B-00C04F79EFBC}") = "XpandBlog.Persistent.Base", "XpandBlog.Persistent.Base\XpandBlog.Persistent.Base.csproj", "{BBBF9347-183E-4CF9-8259-D86000431A2D}"
EndProject
Project("{FAE04EC0-301F-11D3-BF4B-00C04F79EFBC}") = "XpandBlog.Xpo", "XpandBlog.Xpo\XpandBlog.Xpo.csproj", "{89A8AFC1-58DD-470B-91C5-FD202D0478EF}"
EndProject
Project("{FAE04EC0-301F-11D3-BF4B-00C04F79EFBC}") = "XpandBlog.Xpo.Tests", "XpandBlog.Xpo.Tests\XpandBlog.Xpo.Tests.csproj", "{7089BD8D-7501-4B1E-A336-651D26DFBDCF}"
EndProject
Global
	GlobalSection(SolutionConfigurationPlatforms) = preSolution
		Debug|Any CPU = Debug|Any CPU
		EasyTest|Any CPU = EasyTest|Any CPU
		Release|Any CPU = Release|Any CPU
	EndGlobalSection
	GlobalSection(ProjectConfigurationPlatforms) = postSolution
		{5F15837D-D1E5-44DC-92F0-4F2EBE9C3F8D}.Debug|Any CPU.ActiveCfg = Debug|Any CPU
		{5F15837D-D1E5-44DC-92F0-4F2EBE9C3F8D}.Debug|Any CPU.Build.0 = Debug|Any CPU
		{5F15837D-D1E5-44DC-92F0-4F2EBE9C3F8D}.EasyTest|Any CPU.ActiveCfg = EasyTest|Any CPU
		{5F15837D-D1E5-44DC-92F0-4F2EBE9C3F8D}.EasyTest|Any CPU.Build.0 = EasyTest|Any CPU
		{5F15837D-D1E5-44DC-92F0-4F2EBE9C3F8D}.Release|Any CPU.ActiveCfg = Release|Any CPU
		{5F15837D-D1E5-44DC-92F0-4F2EBE9C3F8D}.Release|Any CPU.Build.0 = Release|Any CPU
		{7964F87D-BC5D-4C4E-8B2F-71E89739AA97}.Debug|Any CPU.ActiveCfg = Debug|Any CPU
		{7964F87D-BC5D-4C4E-8B2F-71E89739AA97}.Debug|Any CPU.Build.0 = Debug|Any CPU
		{7964F87D-BC5D-4C4E-8B2F-71E89739AA97}.EasyTest|Any CPU.ActiveCfg = EasyTest|Any CPU
		{7964F87D-BC5D-4C4E-8B2F-71E89739AA97}.EasyTest|Any CPU.Build.0 = EasyTest|Any CPU
		{7964F87D-BC5D-4C4E-8B2F-71E89739AA97}.Release|Any CPU.ActiveCfg = Release|Any CPU
		{7964F87D-BC5D-4C4E-8B2F-71E89739AA97}.Release|Any CPU.Build.0 = Release|Any CPU
		{D05D93DF-312D-4D4E-B980-726871EC7833}.Debug|Any CPU.ActiveCfg = Debug|Any CPU
		{D05D93DF-312D-4D4E-B980-726871EC7833}.Debug|Any CPU.Build.0 = Debug|Any CPU
		{D05D93DF-312D-4D4E-B980-726871EC7833}.EasyTest|Any CPU.ActiveCfg = EasyTest|Any CPU
		{D05D93DF-312D-4D4E-B980-726871EC7833}.EasyTest|Any CPU.Build.0 = EasyTest|Any CPU
		{D05D93DF-312D-4D4E-B980-726871EC7833}.Release|Any CPU.ActiveCfg = Release|Any CPU
		{D05D93DF-312D-4D4E-B980-726871EC7833}.Release|Any CPU.Build.0 = Release|Any CPU
		{33B8A48E-123E-4F59-BD45-0E91D9F83A33}.Debug|Any CPU.ActiveCfg = Debug|Any CPU
		{33B8A48E-123E-4F59-BD45-0E91D9F83A33}.Debug|Any CPU.Build.0 = Debug|Any CPU
		{33B8A48E-123E-4F59-BD45-0E91D9F83A33}.EasyTest|Any CPU.ActiveCfg = Release|Any CPU
		{33B8A48E-123E-4F59-BD45-0E91D9F83A33}.EasyTest|Any CPU.Build.0 = Release|Any CPU
		{33B8A48E-123E-4F59-BD45-0E91D9F83A33}.Release|Any CPU.ActiveCfg = Release|Any CPU
		{33B8A48E-123E-4F59-BD45-0E91D9F83A33}.Release|Any CPU.Build.0 = Release|Any CPU
		{43FE2D9E-D796-4245-B11A-22608850CE2F}.Debug|Any CPU.ActiveCfg = Debug|Any CPU
		{43FE2D9E-D796-4245-B11A-22608850CE2F}.Debug|Any CPU.Build.0 = Debug|Any CPU
		{43FE2D9E-D796-4245-B11A-22608850CE2F}.EasyTest|Any CPU.ActiveCfg = Release|Any CPU
		{43FE2D9E-D796-4245-B11A-22608850CE2F}.EasyTest|Any CPU.Build.0 = Release|Any CPU
		{43FE2D9E-D796-4245-B11A-22608850CE2F}.Release|Any CPU.ActiveCfg = Release|Any CPU
		{43FE2D9E-D796-4245-B11A-22608850CE2F}.Release|Any CPU.Build.0 = Release|Any CPU
		{F6D284BC-18EE-491E-B964-F57A7D9DE0F3}.Debug|Any CPU.ActiveCfg = Debug|Any CPU
		{F6D284BC-18EE-491E-B964-F57A7D9DE0F3}.Debug|Any CPU.Build.0 = Debug|Any CPU
		{F6D284BC-18EE-491E-B964-F57A7D9DE0F3}.EasyTest|Any CPU.ActiveCfg = Release|Any CPU
		{F6D284BC-18EE-491E-B964-F57A7D9DE0F3}.EasyTest|Any CPU.Build.0 = Release|Any CPU
		{F6D284BC-18EE-491E-B964-F57A7D9DE0F3}.Release|Any CPU.ActiveCfg = Release|Any CPU
		{F6D284BC-18EE-491E-B964-F57A7D9DE0F3}.Release|Any CPU.Build.0 = Release|Any CPU
		{0DFFF7A1-9F2D-4A5C-98BD-7C8B20E56AA0}.Debug|Any CPU.ActiveCfg = Debug|Any CPU
		{0DFFF7A1-9F2D-4A5C-98BD-7C8B20E56AA0}.Debug|Any CPU.Build.0 = Debug|Any CPU
		{0DFFF7A1-9F2D-4A5C-98BD-7C8B20E56AA0}.EasyTest|Any CPU.ActiveCfg = Release|Any CPU
		{0DFFF7A1-9F2D-4A5C-98BD-7C8B20E56AA0}.EasyTest|Any CPU.Build.0 = Release|Any CPU
		{0DFFF7A1-9F2D-4A5C-98BD-7C8B20E56AA0}.Release|Any CPU.ActiveCfg = Release|Any CPU
		{0DFFF7A1-9F2D-4A5C-98BD-7C8B20E56AA0}.Release|Any CPU.Build.0 = Release|Any CPU
		{22122561-AE5F-4998-8186-64A7F960C26E}.Debug|Any CPU.ActiveCfg = Debug|Any CPU
		{22122561-AE5F-4998-8186-64A7F960C26E}.Debug|Any CPU.Build.0 = Debug|Any CPU
		{22122561-AE5F-4998-8186-64A7F960C26E}.EasyTest|Any CPU.ActiveCfg = Release|Any CPU
		{22122561-AE5F-4998-8186-64A7F960C26E}.EasyTest|Any CPU.Build.0 = Release|Any CPU
		{22122561-AE5F-4998-8186-64A7F960C26E}.Release|Any CPU.ActiveCfg = Release|Any CPU
		{22122561-AE5F-4998-8186-64A7F960C26E}.Release|Any CPU.Build.0 = Release|Any CPU
		{C4F469FB-40F1-4B43-81EF-9E2E39E0107C}.Debug|Any CPU.ActiveCfg = Debug|Any CPU
		{C4F469FB-40F1-4B43-81EF-9E2E39E0107C}.Debug|Any CPU.Build.0 = Debug|Any CPU
		{C4F469FB-40F1-4B43-81EF-9E2E39E0107C}.EasyTest|Any CPU.ActiveCfg = Release|Any CPU
		{C4F469FB-40F1-4B43-81EF-9E2E39E0107C}.EasyTest|Any CPU.Build.0 = Release|Any CPU
		{C4F469FB-40F1-4B43-81EF-9E2E39E0107C}.Release|Any CPU.ActiveCfg = Release|Any CPU
		{C4F469FB-40F1-4B43-81EF-9E2E39E0107C}.Release|Any CPU.Build.0 = Release|Any CPU
		{86CF33F0-2AA6-4131-B7C1-D34DBCBE5B41}.Debug|Any CPU.ActiveCfg = Debug|Any CPU
		{86CF33F0-2AA6-4131-B7C1-D34DBCBE5B41}.Debug|Any CPU.Build.0 = Debug|Any CPU
		{86CF33F0-2AA6-4131-B7C1-D34DBCBE5B41}.EasyTest|Any CPU.ActiveCfg = Release|Any CPU
		{86CF33F0-2AA6-4131-B7C1-D34DBCBE5B41}.EasyTest|Any CPU.Build.0 = Release|Any CPU
		{86CF33F0-2AA6-4131-B7C1-D34DBCBE5B41}.Release|Any CPU.ActiveCfg = Release|Any CPU
		{86CF33F0-2AA6-4131-B7C1-D34DBCBE5B41}.Release|Any CPU.Build.0 = Release|Any CPU
		{BBBF9347-183E-4CF9-8259-D86000431A2D}.Debug|Any CPU.ActiveCfg = Debug|Any CPU
		{BBBF9347-183E-4CF9-8259-D86000431A2D}.Debug|Any CPU.Build.0 = Debug|Any CPU
		{BBBF9347-183E-4CF9-8259-D86000431A2D}.EasyTest|Any CPU.ActiveCfg = Release|Any CPU
		{BBBF9347-183E-4CF9-8259-D86000431A2D}.EasyTest|Any CPU.Build.0 = Release|Any CPU
		{BBBF9347-183E-4CF9-8259-D86000431A2D}.Release|Any CPU.ActiveCfg = Release|Any CPU
		{BBBF9347-183E-4CF9-8259-D86000431A2D}.Release|Any CPU.Build.0 = Release|Any CPU
		{89A8AFC1-58DD-470B-91C5-FD202D0478EF}.Debug|Any CPU.ActiveCfg = Debug|Any CPU
		{89A8AFC1-58DD-470B-91C5-FD202D0478EF}.Debug|Any CPU.Build.0 = Debug|Any CPU
		{89A8AFC1-58DD-470B-91C5-FD202D0478EF}.EasyTest|Any CPU.ActiveCfg = Release|Any CPU
		{89A8AFC1-58DD-470B-91C5-FD202D0478EF}.EasyTest|Any CPU.Build.0 = Release|Any CPU
		{89A8AFC1-58DD-470B-91C5-FD202D0478EF}.Release|Any CPU.ActiveCfg = Release|Any CPU
		{89A8AFC1-58DD-470B-91C5-FD202D0478EF}.Release|Any CPU.Build.0 = Release|Any CPU
		{7089BD8D-7501-4B1E-A336-651D26DFBDCF}.Debug|Any CPU.ActiveCfg = Debug|Any CPU
		{7089BD8D-7501-4B1E-A336-651D26DFBDCF}.Debug|Any CPU.Build.0 = Debug|Any CPU
		{7089BD8D-7501-4B1E-A336-651D26DFBDCF}.EasyTest|Any CPU.ActiveCfg = Release|Any CPU
		{7089BD8D-7501-4B1E-A336-651D26DFBDCF}.EasyTest|Any CPU.Build.0 = Release|Any CPU
		{7089BD8D-7501-4B1E-A336-651D26DFBDCF}.Release|Any CPU.ActiveCfg = Release|Any CPU
		{7089BD8D-7501-4B1E-A336-651D26DFBDCF}.Release|Any CPU.Build.0 = Release|Any CPU
	EndGlobalSection
	GlobalSection(SolutionProperties) = preSolution
		HideSolutionNode = FALSE
	EndGlobalSection
	GlobalSection(NestedProjects) = preSolution
		{7964F87D-BC5D-4C4E-8B2F-71E89739AA97} = {4414F1A9-17A5-420F-B16A-8A0D66ABC25D}
		{D05D93DF-312D-4D4E-B980-726871EC7833} = {4414F1A9-17A5-420F-B16A-8A0D66ABC25D}
		{5F15837D-D1E5-44DC-92F0-4F2EBE9C3F8D} = {4414F1A9-17A5-420F-B16A-8A0D66ABC25D}
		{33B8A48E-123E-4F59-BD45-0E91D9F83A33} = {2DD2C906-B6FD-48EE-831B-459FA2122759}
		{0DFFF7A1-9F2D-4A5C-98BD-7C8B20E56AA0} = {2DD2C906-B6FD-48EE-831B-459FA2122759}
		{22122561-AE5F-4998-8186-64A7F960C26E} = {2DD2C906-B6FD-48EE-831B-459FA2122759}
		{43FE2D9E-D796-4245-B11A-22608850CE2F} = {CE6F9532-5969-48A1-B71C-492A2C0CFA4C}
		{F6D284BC-18EE-491E-B964-F57A7D9DE0F3} = {CE6F9532-5969-48A1-B71C-492A2C0CFA4C}
		{C4F469FB-40F1-4B43-81EF-9E2E39E0107C} = {2AC165D3-E02D-4C6B-A924-167841917BBB}
		{86CF33F0-2AA6-4131-B7C1-D34DBCBE5B41} = {9DDF40B0-BC58-4F16-82FE-D1F52857829F}
		{BBBF9347-183E-4CF9-8259-D86000431A2D} = {9DDF40B0-BC58-4F16-82FE-D1F52857829F}
		{89A8AFC1-58DD-470B-91C5-FD202D0478EF} = {9DDF40B0-BC58-4F16-82FE-D1F52857829F}
		{7089BD8D-7501-4B1E-A336-651D26DFBDCF} = {9DDF40B0-BC58-4F16-82FE-D1F52857829F}
	EndGlobalSection
EndGlobal
